
Microsoft Visual Studio Solution File, Format Version 12.00
# Visual Studio Version 17
VisualStudioVersion = 17.13.35825.156 d17.13
MinimumVisualStudioVersion = 10.0.40219.1
Project("{FAE04EC0-301F-11D3-BF4B-00C04F79EFBC}") = "InventoryManagementApi", "InventoryManagementApi.csproj", "{B0FA5228-A83A-4985-AA7A-4E800C11B144}"
EndProject
Global
	GlobalSection(SolutionConfigurationPlatforms) = preSolution
		Debug|Any CPU = Debug|Any CPU
		Release|Any CPU = Release|Any CPU
	EndGlobalSection
	GlobalSection(ProjectConfigurationPlatforms) = postSolution
		{B0FA5228-A83A-4985-AA7A-4E800C11B144}.Debug|Any CPU.ActiveCfg = Debug|Any CPU
		{B0FA5228-A83A-4985-AA7A-4E800C11B144}.Debug|Any CPU.Build.0 = Debug|Any CPU
		{B0FA5228-A83A-4985-AA7A-4E800C11B144}.Release|Any CPU.ActiveCfg = Release|Any CPU
		{B0FA5228-A83A-4985-AA7A-4E800C11B144}.Release|Any CPU.Build.0 = Release|Any CPU
	EndGlobalSection
	GlobalSection(SolutionProperties) = preSolution
		HideSolutionNode = FALSE
	EndGlobalSection
	GlobalSection(ExtensibilityGlobals) = postSolution
		SolutionGuid = {F0D3D583-E51C-436D-A357-D7A5E4394CBE}
	EndGlobalSection
EndGlobal
